speakeasyVersion: 1.330.0
sources:
    clerk-backend-php:
        sourceNamespace: clerk-backend-php
        sourceRevisionDigest: sha256:8324d4e13b4acf8045e55dfca67ee83c87e440906d93a3b484d45fe3211ff53a
        sourceBlobDigest: sha256:426da36af58cfc22dcaccd77120cff8f5f50efef2912cf525aa7394f3a67ea84
        tags:
            - latest
targets:
    my-first-target:
        source: clerk-backend-php
        sourceNamespace: clerk-backend-php
        sourceRevisionDigest: sha256:8324d4e13b4acf8045e55dfca67ee83c87e440906d93a3b484d45fe3211ff53a
        sourceBlobDigest: sha256:426da36af58cfc22dcaccd77120cff8f5f50efef2912cf525aa7394f3a67ea84
        outLocation: /Users/octoper/clerk/projects/clerk-backend-php
workflow:
    workflowVersion: 1.0.0
    speakeasyVersion: latest
    sources:
        clerk-backend-php:
            inputs:
                - location: ./openapi.json
            registry:
                location: registry.speakeasyapi.dev/octoper-3d0/octoper/clerk-backend-php
    targets:
        my-first-target:
            target: php
            source: clerk-backend-php
